
Microsoft Visual Studio Solution File, Format Version 12.00
# Visual Studio Version 17
VisualStudioVersion = 17.0.31903.59
MinimumVisualStudioVersion = 10.0.40219.1
Project("{2150E333-8FDC-42A3-9474-1A3956D46DE8}") = "src", "src", "{827E0CD3-B72D-47B6-A68D-7590B98EB39B}"
EndProject
Project("{FAE04EC0-301F-11D3-BF4B-00C04F79EFBC}") = "AppHost", "src\AppHost\AppHost.csproj", "{96D49656-10CC-41BE-BFF5-58EEDEB19B8A}"
EndProject
Project("{FAE04EC0-301F-11D3-BF4B-00C04F79EFBC}") = "ServiceDefaults", "src\ServiceDefaults\ServiceDefaults.csproj", "{EFA55144-24DE-4461-A1AB-AF0F1ADC506D}"
EndProject
Project("{FAE04EC0-301F-11D3-BF4B-00C04F79EFBC}") = "PublicApi", "src\PublicApi\PublicApi.csproj", "{2406DA98-9F06-4AF5-9DCF-1D2EF300CE53}"
EndProject
Project("{FAE04EC0-301F-11D3-BF4B-00C04F79EFBC}") = "PrivateApi", "src\PrivateApi\PrivateApi.csproj", "{460D6CAB-C412-4161-AC84-18AC11E80753}"
EndProject
Project("{FAE04EC0-301F-11D3-BF4B-00C04F79EFBC}") = "Shared", "src\Shared\Shared.csproj", "{DEAE2653-974E-4221-840C-1DAF3FB29212}"
EndProject
Project("{2150E333-8FDC-42A3-9474-1A3956D46DE8}") = "tests", "tests", "{0AB3BF05-4346-4AA6-1389-037BE0695223}"
EndProject
Project("{FAE04EC0-301F-11D3-BF4B-00C04F79EFBC}") = "PublicApi.Tests", "tests\PublicApi.Tests\PublicApi.Tests.csproj", "{94393CDC-0242-4BBA-A5A2-C78011702B3C}"
EndProject
Project("{FAE04EC0-301F-11D3-BF4B-00C04F79EFBC}") = "PrivateApi.Tests", "tests\PrivateApi.Tests\PrivateApi.Tests.csproj", "{5F0D6076-B45A-4F7C-80E4-4DB181FAE93B}"
EndProject
Project("{FAE04EC0-301F-11D3-BF4B-00C04F79EFBC}") = "Shared.Tests", "tests\Shared.Tests\Shared.Tests.csproj", "{040DBA20-2DCC-49C6-9C84-6D2CEDD44B6F}"
EndProject
Global
	GlobalSection(SolutionConfigurationPlatforms) = preSolution
		Debug|Any CPU = Debug|Any CPU
		Debug|x64 = Debug|x64
		Debug|x86 = Debug|x86
		Release|Any CPU = Release|Any CPU
		Release|x64 = Release|x64
		Release|x86 = Release|x86
	EndGlobalSection
	GlobalSection(ProjectConfigurationPlatforms) = postSolution
		{96D49656-10CC-41BE-BFF5-58EEDEB19B8A}.Debug|Any CPU.ActiveCfg = Debug|Any CPU
		{96D49656-10CC-41BE-BFF5-58EEDEB19B8A}.Debug|Any CPU.Build.0 = Debug|Any CPU
		{96D49656-10CC-41BE-BFF5-58EEDEB19B8A}.Debug|x64.ActiveCfg = Debug|Any CPU
		{96D49656-10CC-41BE-BFF5-58EEDEB19B8A}.Debug|x64.Build.0 = Debug|Any CPU
		{96D49656-10CC-41BE-BFF5-58EEDEB19B8A}.Debug|x86.ActiveCfg = Debug|Any CPU
		{96D49656-10CC-41BE-BFF5-58EEDEB19B8A}.Debug|x86.Build.0 = Debug|Any CPU
		{96D49656-10CC-41BE-BFF5-58EEDEB19B8A}.Release|Any CPU.ActiveCfg = Release|Any CPU
		{96D49656-10CC-41BE-BFF5-58EEDEB19B8A}.Release|Any CPU.Build.0 = Release|Any CPU
		{96D49656-10CC-41BE-BFF5-58EEDEB19B8A}.Release|x64.ActiveCfg = Release|Any CPU
		{96D49656-10CC-41BE-BFF5-58EEDEB19B8A}.Release|x64.Build.0 = Release|Any CPU
		{96D49656-10CC-41BE-BFF5-58EEDEB19B8A}.Release|x86.ActiveCfg = Release|Any CPU
		{96D49656-10CC-41BE-BFF5-58EEDEB19B8A}.Release|x86.Build.0 = Release|Any CPU
		{EFA55144-24DE-4461-A1AB-AF0F1ADC506D}.Debug|Any CPU.ActiveCfg = Debug|Any CPU
		{EFA55144-24DE-4461-A1AB-AF0F1ADC506D}.Debug|Any CPU.Build.0 = Debug|Any CPU
		{EFA55144-24DE-4461-A1AB-AF0F1ADC506D}.Debug|x64.ActiveCfg = Debug|Any CPU
		{EFA55144-24DE-4461-A1AB-AF0F1ADC506D}.Debug|x64.Build.0 = Debug|Any CPU
		{EFA55144-24DE-4461-A1AB-AF0F1ADC506D}.Debug|x86.ActiveCfg = Debug|Any CPU
		{EFA55144-24DE-4461-A1AB-AF0F1ADC506D}.Debug|x86.Build.0 = Debug|Any CPU
		{EFA55144-24DE-4461-A1AB-AF0F1ADC506D}.Release|Any CPU.ActiveCfg = Release|Any CPU
		{EFA55144-24DE-4461-A1AB-AF0F1ADC506D}.Release|Any CPU.Build.0 = Release|Any CPU
		{EFA55144-24DE-4461-A1AB-AF0F1ADC506D}.Release|x64.ActiveCfg = Release|Any CPU
		{EFA55144-24DE-4461-A1AB-AF0F1ADC506D}.Release|x64.Build.0 = Release|Any CPU
		{EFA55144-24DE-4461-A1AB-AF0F1ADC506D}.Release|x86.ActiveCfg = Release|Any CPU
		{EFA55144-24DE-4461-A1AB-AF0F1ADC506D}.Release|x86.Build.0 = Release|Any CPU
		{2406DA98-9F06-4AF5-9DCF-1D2EF300CE53}.Debug|Any CPU.ActiveCfg = Debug|Any CPU
		{2406DA98-9F06-4AF5-9DCF-1D2EF300CE53}.Debug|Any CPU.Build.0 = Debug|Any CPU
		{2406DA98-9F06-4AF5-9DCF-1D2EF300CE53}.Debug|x64.ActiveCfg = Debug|Any CPU
		{2406DA98-9F06-4AF5-9DCF-1D2EF300CE53}.Debug|x64.Build.0 = Debug|Any CPU
		{2406DA98-9F06-4AF5-9DCF-1D2EF300CE53}.Debug|x86.ActiveCfg = Debug|Any CPU
		{2406DA98-9F06-4AF5-9DCF-1D2EF300CE53}.Debug|x86.Build.0 = Debug|Any CPU
		{2406DA98-9F06-4AF5-9DCF-1D2EF300CE53}.Release|Any CPU.ActiveCfg = Release|Any CPU
		{2406DA98-9F06-4AF5-9DCF-1D2EF300CE53}.Release|Any CPU.Build.0 = Release|Any CPU
		{2406DA98-9F06-4AF5-9DCF-1D2EF300CE53}.Release|x64.ActiveCfg = Release|Any CPU
		{2406DA98-9F06-4AF5-9DCF-1D2EF300CE53}.Release|x64.Build.0 = Release|Any CPU
		{2406DA98-9F06-4AF5-9DCF-1D2EF300CE53}.Release|x86.ActiveCfg = Release|Any CPU
		{2406DA98-9F06-4AF5-9DCF-1D2EF300CE53}.Release|x86.Build.0 = Release|Any CPU
		{460D6CAB-C412-4161-AC84-18AC11E80753}.Debug|Any CPU.ActiveCfg = Debug|Any CPU
		{460D6CAB-C412-4161-AC84-18AC11E80753}.Debug|Any CPU.Build.0 = Debug|Any CPU
		{460D6CAB-C412-4161-AC84-18AC11E80753}.Debug|x64.ActiveCfg = Debug|Any CPU
		{460D6CAB-C412-4161-AC84-18AC11E80753}.Debug|x64.Build.0 = Debug|Any CPU
		{460D6CAB-C412-4161-AC84-18AC11E80753}.Debug|x86.ActiveCfg = Debug|Any CPU
		{460D6CAB-C412-4161-AC84-18AC11E80753}.Debug|x86.Build.0 = Debug|Any CPU
		{460D6CAB-C412-4161-AC84-18AC11E80753}.Release|Any CPU.ActiveCfg = Release|Any CPU
		{460D6CAB-C412-4161-AC84-18AC11E80753}.Release|Any CPU.Build.0 = Release|Any CPU
		{460D6CAB-C412-4161-AC84-18AC11E80753}.Release|x64.ActiveCfg = Release|Any CPU
		{460D6CAB-C412-4161-AC84-18AC11E80753}.Release|x64.Build.0 = Release|Any CPU
		{460D6CAB-C412-4161-AC84-18AC11E80753}.Release|x86.ActiveCfg = Release|Any CPU
		{460D6CAB-C412-4161-AC84-18AC11E80753}.Release|x86.Build.0 = Release|Any CPU
		{DEAE2653-974E-4221-840C-1DAF3FB29212}.Debug|Any CPU.ActiveCfg = Debug|Any CPU
		{DEAE2653-974E-4221-840C-1DAF3FB29212}.Debug|Any CPU.Build.0 = Debug|Any CPU
		{DEAE2653-974E-4221-840C-1DAF3FB29212}.Debug|x64.ActiveCfg = Debug|Any CPU
		{DEAE2653-974E-4221-840C-1DAF3FB29212}.Debug|x64.Build.0 = Debug|Any CPU
		{DEAE2653-974E-4221-840C-1DAF3FB29212}.Debug|x86.ActiveCfg = Debug|Any CPU
		{DEAE2653-974E-4221-840C-1DAF3FB29212}.Debug|x86.Build.0 = Debug|Any CPU
		{DEAE2653-974E-4221-840C-1DAF3FB29212}.Release|Any CPU.ActiveCfg = Release|Any CPU
		{DEAE2653-974E-4221-840C-1DAF3FB29212}.Release|Any CPU.Build.0 = Release|Any CPU
		{DEAE2653-974E-4221-840C-1DAF3FB29212}.Release|x64.ActiveCfg = Release|Any CPU
		{DEAE2653-974E-4221-840C-1DAF3FB29212}.Release|x64.Build.0 = Release|Any CPU
		{DEAE2653-974E-4221-840C-1DAF3FB29212}.Release|x86.ActiveCfg = Release|Any CPU
		{DEAE2653-974E-4221-840C-1DAF3FB29212}.Release|x86.Build.0 = Release|Any CPU
		{94393CDC-0242-4BBA-A5A2-C78011702B3C}.Debug|Any CPU.ActiveCfg = Debug|Any CPU
		{94393CDC-0242-4BBA-A5A2-C78011702B3C}.Debug|Any CPU.Build.0 = Debug|Any CPU
		{94393CDC-0242-4BBA-A5A2-C78011702B3C}.Debug|x64.ActiveCfg = Debug|Any CPU
		{94393CDC-0242-4BBA-A5A2-C78011702B3C}.Debug|x64.Build.0 = Debug|Any CPU
		{94393CDC-0242-4BBA-A5A2-C78011702B3C}.Debug|x86.ActiveCfg = Debug|Any CPU
		{94393CDC-0242-4BBA-A5A2-C78011702B3C}.Debug|x86.Build.0 = Debug|Any CPU
		{94393CDC-0242-4BBA-A5A2-C78011702B3C}.Release|Any CPU.ActiveCfg = Release|Any CPU
		{94393CDC-0242-4BBA-A5A2-C78011702B3C}.Release|Any CPU.Build.0 = Release|Any CPU
		{94393CDC-0242-4BBA-A5A2-C78011702B3C}.Release|x64.ActiveCfg = Release|Any CPU
		{94393CDC-0242-4BBA-A5A2-C78011702B3C}.Release|x64.Build.0 = Release|Any CPU
		{94393CDC-0242-4BBA-A5A2-C78011702B3C}.Release|x86.ActiveCfg = Release|Any CPU
		{94393CDC-0242-4BBA-A5A2-C78011702B3C}.Release|x86.Build.0 = Release|Any CPU
		{5F0D6076-B45A-4F7C-80E4-4DB181FAE93B}.Debug|Any CPU.ActiveCfg = Debug|Any CPU
		{5F0D6076-B45A-4F7C-80E4-4DB181FAE93B}.Debug|Any CPU.Build.0 = Debug|Any CPU
		{5F0D6076-B45A-4F7C-80E4-4DB181FAE93B}.Debug|x64.ActiveCfg = Debug|Any CPU
		{5F0D6076-B45A-4F7C-80E4-4DB181FAE93B}.Debug|x64.Build.0 = Debug|Any CPU
		{5F0D6076-B45A-4F7C-80E4-4DB181FAE93B}.Debug|x86.ActiveCfg = Debug|Any CPU
		{5F0D6076-B45A-4F7C-80E4-4DB181FAE93B}.Debug|x86.Build.0 = Debug|Any CPU
		{5F0D6076-B45A-4F7C-80E4-4DB181FAE93B}.Release|Any CPU.ActiveCfg = Release|Any CPU
		{5F0D6076-B45A-4F7C-80E4-4DB181FAE93B}.Release|Any CPU.Build.0 = Release|Any CPU
		{5F0D6076-B45A-4F7C-80E4-4DB181FAE93B}.Release|x64.ActiveCfg = Release|Any CPU
		{5F0D6076-B45A-4F7C-80E4-4DB181FAE93B}.Release|x64.Build.0 = Release|Any CPU
		{5F0D6076-B45A-4F7C-80E4-4DB181FAE93B}.Release|x86.ActiveCfg = Release|Any CPU
		{5F0D6076-B45A-4F7C-80E4-4DB181FAE93B}.Release|x86.Build.0 = Release|Any CPU
		{040DBA20-2DCC-49C6-9C84-6D2CEDD44B6F}.Debug|Any CPU.ActiveCfg = Debug|Any CPU
		{040DBA20-2DCC-49C6-9C84-6D2CEDD44B6F}.Debug|Any CPU.Build.0 = Debug|Any CPU
		{040DBA20-2DCC-49C6-9C84-6D2CEDD44B6F}.Debug|x64.ActiveCfg = Debug|Any CPU
		{040DBA20-2DCC-49C6-9C84-6D2CEDD44B6F}.Debug|x64.Build.0 = Debug|Any CPU
		{040DBA20-2DCC-49C6-9C84-6D2CEDD44B6F}.Debug|x86.ActiveCfg = Debug|Any CPU
		{040DBA20-2DCC-49C6-9C84-6D2CEDD44B6F}.Debug|x86.Build.0 = Debug|Any CPU
		{040DBA20-2DCC-49C6-9C84-6D2CEDD44B6F}.Release|Any CPU.ActiveCfg = Release|Any CPU
		{040DBA20-2DCC-49C6-9C84-6D2CEDD44B6F}.Release|Any CPU.Build.0 = Release|Any CPU
		{040DBA20-2DCC-49C6-9C84-6D2CEDD44B6F}.Release|x64.ActiveCfg = Release|Any CPU
		{040DBA20-2DCC-49C6-9C84-6D2CEDD44B6F}.Release|x64.Build.0 = Release|Any CPU
		{040DBA20-2DCC-49C6-9C84-6D2CEDD44B6F}.Release|x86.ActiveCfg = Release|Any CPU
		{040DBA20-2DCC-49C6-9C84-6D2CEDD44B6F}.Release|x86.Build.0 = Release|Any CPU
	EndGlobalSection
	GlobalSection(SolutionProperties) = preSolution
		HideSolutionNode = FALSE
	EndGlobalSection
	GlobalSection(NestedProjects) = preSolution
		{96D49656-10CC-41BE-BFF5-58EEDEB19B8A} = {827E0CD3-B72D-47B6-A68D-7590B98EB39B}
		{EFA55144-24DE-4461-A1AB-AF0F1ADC506D} = {827E0CD3-B72D-47B6-A68D-7590B98EB39B}
		{2406DA98-9F06-4AF5-9DCF-1D2EF300CE53} = {827E0CD3-B72D-47B6-A68D-7590B98EB39B}
		{460D6CAB-C412-4161-AC84-18AC11E80753} = {827E0CD3-B72D-47B6-A68D-7590B98EB39B}
		{DEAE2653-974E-4221-840C-1DAF3FB29212} = {827E0CD3-B72D-47B6-A68D-7590B98EB39B}
		{94393CDC-0242-4BBA-A5A2-C78011702B3C} = {0AB3BF05-4346-4AA6-1389-037BE0695223}
		{5F0D6076-B45A-4F7C-80E4-4DB181FAE93B} = {0AB3BF05-4346-4AA6-1389-037BE0695223}
		{040DBA20-2DCC-49C6-9C84-6D2CEDD44B6F} = {0AB3BF05-4346-4AA6-1389-037BE0695223}
	EndGlobalSection
EndGlobal
